
Microsoft Visual Studio Solution File, Format Version 12.00
# Visual Studio Version 17
VisualStudioVersion = 17.14.36105.17
MinimumVisualStudioVersion = 10.0.40219.1
Project("{FAE04EC0-301F-11D3-BF4B-00C04F79EFBC}") = "Wooff2", "Wooff2.csproj", "{203177A0-58CA-45A4-BE2D-C311FCA44201}"
EndProject
Global
	GlobalSection(SolutionConfigurationPlatforms) = preSolution
		Debug|Any CPU = Debug|Any CPU
		Release|Any CPU = Release|Any CPU
	EndGlobalSection
	GlobalSection(ProjectConfigurationPlatforms) = postSolution
		{203177A0-58CA-45A4-BE2D-C311FCA44201}.Debug|Any CPU.ActiveCfg = Debug|Any CPU
		{203177A0-58CA-45A4-BE2D-C311FCA44201}.Debug|Any CPU.Build.0 = Debug|Any CPU
		{203177A0-58CA-45A4-BE2D-C311FCA44201}.Release|Any CPU.ActiveCfg = Release|Any CPU
		{203177A0-58CA-45A4-BE2D-C311FCA44201}.Release|Any CPU.Build.0 = Release|Any CPU
	EndGlobalSection
	GlobalSection(SolutionProperties) = preSolution
		HideSolutionNode = FALSE
	EndGlobalSection
	GlobalSection(ExtensibilityGlobals) = postSolution
		SolutionGuid = {A7197C98-70AF-4F33-BC6A-4C5BD3967538}
	EndGlobalSection
EndGlobal
